
Microsoft Visual Studio Solution File, Format Version 12.00
# Visual Studio Version 16
VisualStudioVersion = 16.0.30320.27
MinimumVisualStudioVersion = 10.0.40219.1
Project("{FAE04EC0-301F-11D3-BF4B-00C04F79EFBC}") = "Stegano", "Stegano.csproj", "{CAA47942-0DED-4765-ABF9-EB11E5EAB155}"
EndProject
Global
	GlobalSection(SolutionConfigurationPlatforms) = preSolution
		Debug|Any CPU = Debug|Any CPU
		Release|Any CPU = Release|Any CPU
	EndGlobalSection
	GlobalSection(ProjectConfigurationPlatforms) = postSolution
		{CAA47942-0DED-4765-ABF9-EB11E5EAB155}.Debug|Any CPU.ActiveCfg = Debug|Any CPU
		{CAA47942-0DED-4765-ABF9-EB11E5EAB155}.Debug|Any CPU.Build.0 = Debug|Any CPU
		{CAA47942-0DED-4765-ABF9-EB11E5EAB155}.Release|Any CPU.ActiveCfg = Release|Any CPU
		{CAA47942-0DED-4765-ABF9-EB11E5EAB155}.Release|Any CPU.Build.0 = Release|Any CPU
	EndGlobalSection
	GlobalSection(SolutionProperties) = preSolution
		HideSolutionNode = FALSE
	EndGlobalSection
	GlobalSection(ExtensibilityGlobals) = postSolution
		SolutionGuid = {53F90CAA-9AAE-46F5-8D3A-D4CC67E82495}
	EndGlobalSection
EndGlobal
